
Microsoft Visual Studio Solution File, Format Version 12.00
# Visual Studio Version 16
VisualStudioVersion = 16.0.34902.97
MinimumVisualStudioVersion = 10.0.40219.1
Project("{8BC9CEB8-8B4A-11D0-8D11-00A0C91BC942}") = "OverloadingNotation", "OverloadingNotation.vcxproj", "{D6F7FD0C-7908-4105-ABAF-EAE63069EDFD}"
EndProject
Global
	GlobalSection(SolutionConfigurationPlatforms) = preSolution
		Debug|x64 = Debug|x64
		Debug|x86 = Debug|x86
		Release|x64 = Release|x64
		Release|x86 = Release|x86
	EndGlobalSection
	GlobalSection(ProjectConfigurationPlatforms) = postSolution
		{D6F7FD0C-7908-4105-ABAF-EAE63069EDFD}.Debug|x64.ActiveCfg = Debug|x64
		{D6F7FD0C-7908-4105-ABAF-EAE63069EDFD}.Debug|x64.Build.0 = Debug|x64
		{D6F7FD0C-7908-4105-ABAF-EAE63069EDFD}.Debug|x86.ActiveCfg = Debug|Win32
		{D6F7FD0C-7908-4105-ABAF-EAE63069EDFD}.Debug|x86.Build.0 = Debug|Win32
		{D6F7FD0C-7908-4105-ABAF-EAE63069EDFD}.Release|x64.ActiveCfg = Release|x64
		{D6F7FD0C-7908-4105-ABAF-EAE63069EDFD}.Release|x64.Build.0 = Release|x64
		{D6F7FD0C-7908-4105-ABAF-EAE63069EDFD}.Release|x86.ActiveCfg = Release|Win32
		{D6F7FD0C-7908-4105-ABAF-EAE63069EDFD}.Release|x86.Build.0 = Release|Win32
	EndGlobalSection
	GlobalSection(SolutionProperties) = preSolution
		HideSolutionNode = FALSE
	EndGlobalSection
	GlobalSection(ExtensibilityGlobals) = postSolution
		SolutionGuid = {1261C473-09F3-4F27-A5BE-8723B1A9B237}
	EndGlobalSection
EndGlobal
